// !$*UTF8*$!
{
	archiveVersion = 1;
	classes = {
	};
	objectVersion = 55;
	objects = {

/* Begin PBXBuildFile section */
		B368BCD128A85D64003A2A4D /* AppDelegate.swift in Sources */ = {isa = PBXBuildFile; fileRef = B368BCD028A85D64003A2A4D /* AppDelegate.swift */; };
		B368BCD528A85D64003A2A4D /* RootViewController.swift in Sources */ = {isa = PBXBuildFile; fileRef = B368BCD428A85D64003A2A4D /* RootViewController.swift */; };
		B368BCDB28A85D64003A2A4D /* OnlineStore_iOS_App.xcdatamodeld in Sources */ = {isa = PBXBuildFile; fileRef = B368BCD928A85D64003A2A4D /* OnlineStore_iOS_App.xcdatamodeld */; };
		B368BCDD28A85D66003A2A4D /* Assets.xcassets in Resources */ = {isa = PBXBuildFile; fileRef = B368BCDC28A85D66003A2A4D /* Assets.xcassets */; };
		B368BCE028A85D66003A2A4D /* LaunchScreen.storyboard in Resources */ = {isa = PBXBuildFile; fileRef = B368BCDE28A85D66003A2A4D /* LaunchScreen.storyboard */; };
		B368BCEB28A85D66003A2A4D /* OnlineStore_iOS_AppTests.swift in Sources */ = {isa = PBXBuildFile; fileRef = B368BCEA28A85D66003A2A4D /* OnlineStore_iOS_AppTests.swift */; };
		B368BCF528A85D66003A2A4D /* OnlineStore_iOS_AppUITests.swift in Sources */ = {isa = PBXBuildFile; fileRef = B368BCF428A85D66003A2A4D /* OnlineStore_iOS_AppUITests.swift */; };
		B368BCF728A85D66003A2A4D /* OnlineStore_iOS_AppUITestsLaunchTests.swift in Sources */ = {isa = PBXBuildFile; fileRef = B368BCF628A85D66003A2A4D /* OnlineStore_iOS_AppUITestsLaunchTests.swift */; };
/* End PBXBuildFile section */

/* Begin PBXContainerItemProxy section */
		B368BCE728A85D66003A2A4D /* PBXContainerItemProxy */ = {
			isa = PBXContainerItemProxy;
			containerPortal = B368BCC528A85D64003A2A4D /* Project object */;
			proxyType = 1;
			remoteGlobalIDString = B368BCCC28A85D64003A2A4D;
			remoteInfo = "OnlineStore-iOS-App";
		};
		B368BCF128A85D66003A2A4D /* PBXContainerItemProxy */ = {
			isa = PBXContainerItemProxy;
			containerPortal = B368BCC528A85D64003A2A4D /* Project object */;
			proxyType = 1;
			remoteGlobalIDString = B368BCCC28A85D64003A2A4D;
			remoteInfo = "OnlineStore-iOS-App";
		};
/* End PBXContainerItemProxy section */

/* Begin PBXFileReference section */
		B368BCCD28A85D64003A2A4D /* OnlineStore-iOS-App.app */ = {isa = PBXFileReference; explicitFileType = wrapper.application; includeInIndex = 0; path = "OnlineStore-iOS-App.app"; sourceTree = BUILT_PRODUCTS_DIR; };
		B368BCD028A85D64003A2A4D /* AppDelegate.swift */ = {isa = PBXFileReference; lastKnownFileType = sourcecode.swift; path = AppDelegate.swift; sourceTree = "<group>"; };
		B368BCD428A85D64003A2A4D /* RootViewController.swift */ = {isa = PBXFileReference; lastKnownFileType = sourcecode.swift; path = RootViewController.swift; sourceTree = "<group>"; };
		B368BCDA28A85D64003A2A4D /* OnlineStore_iOS_App.xcdatamodel */ = {isa = PBXFileReference; lastKnownFileType = wrapper.xcdatamodel; path = OnlineStore_iOS_App.xcdatamodel; sourceTree = "<group>"; };
		B368BCDC28A85D66003A2A4D /* Assets.xcassets */ = {isa = PBXFileReference; lastKnownFileType = folder.assetcatalog; path = Assets.xcassets; sourceTree = "<group>"; };
		B368BCDF28A85D66003A2A4D /* Base */ = {isa = PBXFileReference; lastKnownFileType = file.storyboard; name = Base; path = Base.lproj/LaunchScreen.storyboard; sourceTree = "<group>"; };
		B368BCE128A85D66003A2A4D /* Info.plist */ = {isa = PBXFileReference; lastKnownFileType = text.plist.xml; path = Info.plist; sourceTree = "<group>"; };
		B368BCE628A85D66003A2A4D /* OnlineStore-iOS-AppTests.xctest */ = {isa = PBXFileReference; explicitFileType = wrapper.cfbundle; includeInIndex = 0; path = "OnlineStore-iOS-AppTests.xctest"; sourceTree = BUILT_PRODUCTS_DIR; };
		B368BCEA28A85D66003A2A4D /* OnlineStore_iOS_AppTests.swift */ = {isa = PBXFileReference; lastKnownFileType = sourcecode.swift; path = OnlineStore_iOS_AppTests.swift; sourceTree = "<group>"; };
		B368BCF028A85D66003A2A4D /* OnlineStore-iOS-AppUITests.xctest */ = {isa = PBXFileReference; explicitFileType = wrapper.cfbundle; includeInIndex = 0; path = "OnlineStore-iOS-AppUITests.xctest"; sourceTree = BUILT_PRODUCTS_DIR; };
		B368BCF428A85D66003A2A4D /* OnlineStore_iOS_AppUITests.swift */ = {isa = PBXFileReference; lastKnownFileType = sourcecode.swift; path = OnlineStore_iOS_AppUITests.swift; sourceTree = "<group>"; };
		B368BCF628A85D66003A2A4D /* OnlineStore_iOS_AppUITestsLaunchTests.swift */ = {isa = PBXFileReference; lastKnownFileType = sourcecode.swift; path = OnlineStore_iOS_AppUITestsLaunchTests.swift; sourceTree = "<group>"; };
/* End PBXFileReference section */

/* Begin PBXFrameworksBuildPhase section */
		B368BCCA28A85D64003A2A4D /* Frameworks */ = {
			isa = PBXFrameworksBuildPhase;
			buildActionMask = 2147483647;
			files = (
			);
			runOnlyForDeploymentPostprocessing = 0;
		};
		B368BCE328A85D66003A2A4D /* Frameworks */ = {
			isa = PBXFrameworksBuildPhase;
			buildActionMask = 2147483647;
			files = (
			);
			runOnlyForDeploymentPostprocessing = 0;
		};
		B368BCED28A85D66003A2A4D /* Frameworks */ = {
			isa = PBXFrameworksBuildPhase;
			buildActionMask = 2147483647;
			files = (
			);
			runOnlyForDeploymentPostprocessing = 0;
		};
/* End PBXFrameworksBuildPhase section */

/* Begin PBXGroup section */
		B368BCC428A85D64003A2A4D = {
			isa = PBXGroup;
			children = (
				B368BCCF28A85D64003A2A4D /* OnlineStore-iOS-App */,
				B368BCE928A85D66003A2A4D /* OnlineStore-iOS-AppTests */,
				B368BCF328A85D66003A2A4D /* OnlineStore-iOS-AppUITests */,
				B368BCCE28A85D64003A2A4D /* Products */,
			);
			sourceTree = "<group>";
		};
		B368BCCE28A85D64003A2A4D /* Products */ = {
			isa = PBXGroup;
			children = (
				B368BCCD28A85D64003A2A4D /* OnlineStore-iOS-App.app */,
				B368BCE628A85D66003A2A4D /* OnlineStore-iOS-AppTests.xctest */,
				B368BCF028A85D66003A2A4D /* OnlineStore-iOS-AppUITests.xctest */,
			);
			name = Products;
			sourceTree = "<group>";
		};
		B368BCCF28A85D64003A2A4D /* OnlineStore-iOS-App */ = {
			isa = PBXGroup;
			children = (
				B368BCD028A85D64003A2A4D /* AppDelegate.swift */,
				B368BCD428A85D64003A2A4D /* RootViewController.swift */,
				B368BCDC28A85D66003A2A4D /* Assets.xcassets */,
				B368BCDE28A85D66003A2A4D /* LaunchScreen.storyboard */,
				B368BCE128A85D66003A2A4D /* Info.plist */,
				B368BCD928A85D64003A2A4D /* OnlineStore_iOS_App.xcdatamodeld */,
			);
			path = "OnlineStore-iOS-App";
			sourceTree = "<group>";
		};
		B368BCE928A85D66003A2A4D /* OnlineStore-iOS-AppTests */ = {
			isa = PBXGroup;
			children = (
				B368BCEA28A85D66003A2A4D /* OnlineStore_iOS_AppTests.swift */,
			);
			path = "OnlineStore-iOS-AppTests";
			sourceTree = "<group>";
		};
		B368BCF328A85D66003A2A4D /* OnlineStore-iOS-AppUITests */ = {
			isa = PBXGroup;
			children = (
				B368BCF428A85D66003A2A4D /* OnlineStore_iOS_AppUITests.swift */,
				B368BCF628A85D66003A2A4D /* OnlineStore_iOS_AppUITestsLaunchTests.swift */,
			);
			path = "OnlineStore-iOS-AppUITests";
			sourceTree = "<group>";
		};
/* End PBXGroup section */

/* Begin PBXNativeTarget section */
		B368BCCC28A85D64003A2A4D /* OnlineStore-iOS-App */ = {
			isa = PBXNativeTarget;
			buildConfigurationList = B368BCFA28A85D66003A2A4D /* Build configuration list for PBXNativeTarget "OnlineStore-iOS-App" */;
			buildPhases = (
				B368BCC928A85D64003A2A4D /* Sources */,
				B368BCCA28A85D64003A2A4D /* Frameworks */,
				B368BCCB28A85D64003A2A4D /* Resources */,
			);
			buildRules = (
			);
			dependencies = (
			);
			name = "OnlineStore-iOS-App";
			productName = "OnlineStore-iOS-App";
			productReference = B368BCCD28A85D64003A2A4D /* OnlineStore-iOS-App.app */;
			productType = "com.apple.product-type.application";
		};
		B368BCE528A85D66003A2A4D /* OnlineStore-iOS-AppTests */ = {
			isa = PBXNativeTarget;
			buildConfigurationList = B368BCFD28A85D66003A2A4D /* Build configuration list for PBXNativeTarget "OnlineStore-iOS-AppTests" */;
			buildPhases = (
				B368BCE228A85D66003A2A4D /* Sources */,
				B368BCE328A85D66003A2A4D /* Frameworks */,
				B368BCE428A85D66003A2A4D /* Resources */,
			);
			buildRules = (
			);
			dependencies = (
				B368BCE828A85D66003A2A4D /* PBXTargetDependency */,
			);
			name = "OnlineStore-iOS-AppTests";
			productName = "OnlineStore-iOS-AppTests";
			productReference = B368BCE628A85D66003A2A4D /* OnlineStore-iOS-AppTests.xctest */;
			productType = "com.apple.product-type.bundle.unit-test";
		};
		B368BCEF28A85D66003A2A4D /* OnlineStore-iOS-AppUITests */ = {
			isa = PBXNativeTarget;
			buildConfigurationList = B368BD0028A85D66003A2A4D /* Build configuration list for PBXNativeTarget "OnlineStore-iOS-AppUITests" */;
			buildPhases = (
				B368BCEC28A85D66003A2A4D /* Sources */,
				B368BCED28A85D66003A2A4D /* Frameworks */,
				B368BCEE28A85D66003A2A4D /* Resources */,
			);
			buildRules = (
			);
			dependencies = (
				B368BCF228A85D66003A2A4D /* PBXTargetDependency */,
			);
			name = "OnlineStore-iOS-AppUITests";
			productName = "OnlineStore-iOS-AppUITests";
			productReference = B368BCF028A85D66003A2A4D /* OnlineStore-iOS-AppUITests.xctest */;
			productType = "com.apple.product-type.bundle.ui-testing";
		};
/* End PBXNativeTarget section */

/* Begin PBXProject section */
		B368BCC528A85D64003A2A4D /* Project object */ = {
			isa = PBXProject;
			attributes = {
				BuildIndependentTargetsInParallel = 1;
				LastSwiftUpdateCheck = 1340;
				LastUpgradeCheck = 1340;
				TargetAttributes = {
					B368BCCC28A85D64003A2A4D = {
						CreatedOnToolsVersion = 13.4.1;
					};
					B368BCE528A85D66003A2A4D = {
						CreatedOnToolsVersion = 13.4.1;
						TestTargetID = B368BCCC28A85D64003A2A4D;
					};
					B368BCEF28A85D66003A2A4D = {
						CreatedOnToolsVersion = 13.4.1;
						TestTargetID = B368BCCC28A85D64003A2A4D;
					};
				};
			};
			buildConfigurationList = B368BCC828A85D64003A2A4D /* Build configuration list for PBXProject "OnlineStore-iOS-App" */;
			compatibilityVersion = "Xcode 13.0";
			developmentRegion = en;
			hasScannedForEncodings = 0;
			knownRegions = (
				en,
				Base,
			);
			mainGroup = B368BCC428A85D64003A2A4D;
			productRefGroup = B368BCCE28A85D64003A2A4D /* Products */;
			projectDirPath = "";
			projectRoot = "";
			targets = (
				B368BCCC28A85D64003A2A4D /* OnlineStore-iOS-App */,
				B368BCE528A85D66003A2A4D /* OnlineStore-iOS-AppTests */,
				B368BCEF28A85D66003A2A4D /* OnlineStore-iOS-AppUITests */,
			);
		};
/* End PBXProject section */

/* Begin PBXResourcesBuildPhase section */
		B368BCCB28A85D64003A2A4D /* Resources */ = {
			isa = PBXResourcesBuildPhase;
			buildActionMask = 2147483647;
			files = (
				B368BCE028A85D66003A2A4D /* LaunchScreen.storyboard in Resources */,
				B368BCDD28A85D66003A2A4D /* Assets.xcassets in Resources */,
			);
			runOnlyForDeploymentPostprocessing = 0;
		};
		B368BCE428A85D66003A2A4D /* Resources */ = {
			isa = PBXResourcesBuildPhase;
			buildActionMask = 2147483647;
			files = (
			);
			runOnlyForDeploymentPostprocessing = 0;
		};
		B368BCEE28A85D66003A2A4D /* Resources */ = {
			isa = PBXResourcesBuildPhase;
			buildActionMask = 2147483647;
			files = (
			);
			runOnlyForDeploymentPostprocessing = 0;
		};
/* End PBXResourcesBuildPhase section */

/* Begin PBXSourcesBuildPhase section */
		B368BCC928A85D64003A2A4D /* Sources */ = {
			isa = PBXSourcesBuildPhase;
			buildActionMask = 2147483647;
			files = (
				B368BCDB28A85D64003A2A4D /* OnlineStore_iOS_App.xcdatamodeld in Sources */,
				B368BCD528A85D64003A2A4D /* RootViewController.swift in Sources */,
				B368BCD128A85D64003A2A4D /* AppDelegate.swift in Sources */,
			);
			runOnlyForDeploymentPostprocessing = 0;
		};
		B368BCE228A85D66003A2A4D /* Sources */ = {
			isa = PBXSourcesBuildPhase;
			buildActionMask = 2147483647;
			files = (
				B368BCEB28A85D66003A2A4D /* OnlineStore_iOS_AppTests.swift in Sources */,
			);
			runOnlyForDeploymentPostprocessing = 0;
		};
		B368BCEC28A85D66003A2A4D /* Sources */ = {
			isa = PBXSourcesBuildPhase;
			buildActionMask = 2147483647;
			files = (
				B368BCF528A85D66003A2A4D /* OnlineStore_iOS_AppUITests.swift in Sources */,
				B368BCF728A85D66003A2A4D /* OnlineStore_iOS_AppUITestsLaunchTests.swift in Sources */,
			);
			runOnlyForDeploymentPostprocessing = 0;
		};
/* End PBXSourcesBuildPhase section */

/* Begin PBXTargetDependency section */
		B368BCE828A85D66003A2A4D /* PBXTargetDependency */ = {
			isa = PBXTargetDependency;
			target = B368BCCC28A85D64003A2A4D /* OnlineStore-iOS-App */;
			targetProxy = B368BCE728A85D66003A2A4D /* PBXContainerItemProxy */;
		};
		B368BCF228A85D66003A2A4D /* PBXTargetDependency */ = {
			isa = PBXTargetDependency;
			target = B368BCCC28A85D64003A2A4D /* OnlineStore-iOS-App */;
			targetProxy = B368BCF128A85D66003A2A4D /* PBXContainerItemProxy */;
		};
/* End PBXTargetDependency section */

/* Begin PBXVariantGroup section */
		B368BCDE28A85D66003A2A4D /* LaunchScreen.storyboard */ = {
			isa = PBXVariantGroup;
			children = (
				B368BCDF28A85D66003A2A4D /* Base */,
			);
			name = LaunchScreen.storyboard;
			sourceTree = "<group>";
		};
/* End PBXVariantGroup section */

/* Begin XCBuildConfiguration section */
		B368BCF828A85D66003A2A4D /* Debug */ = {
			isa = XCBuildConfiguration;
			buildSettings = {
				ALWAYS_SEARCH_USER_PATHS = NO;
				CLANG_ANALYZER_NONNULL = YES;
				CLANG_ANALYZER_NUMBER_OBJECT_CONVERSION = YES_AGGRESSIVE;
				CLANG_CXX_LANGUAGE_STANDARD = "gnu++17";
				CLANG_ENABLE_MODULES = YES;
				CLANG_ENABLE_OBJC_ARC = YES;
				CLANG_ENABLE_OBJC_WEAK = YES;
				CLANG_WARN_BLOCK_CAPTURE_AUTORELEASING = YES;
				CLANG_WARN_BOOL_CONVERSION = YES;
				CLANG_WARN_COMMA = YES;
				CLANG_WARN_CONSTANT_CONVERSION = YES;
				CLANG_WARN_DEPRECATED_OBJC_IMPLEMENTATIONS = YES;
				CLANG_WARN_DIRECT_OBJC_ISA_USAGE = YES_ERROR;
				CLANG_WARN_DOCUMENTATION_COMMENTS = YES;
				CLANG_WARN_EMPTY_BODY = YES;
				CLANG_WARN_ENUM_CONVERSION = YES;
				CLANG_WARN_INFINITE_RECURSION = YES;
				CLANG_WARN_INT_CONVERSION = YES;
				CLANG_WARN_NON_LITERAL_NULL_CONVERSION = YES;
				CLANG_WARN_OBJC_IMPLICIT_RETAIN_SELF = YES;
				CLANG_WARN_OBJC_LITERAL_CONVERSION = YES;
				CLANG_WARN_OBJC_ROOT_CLASS = YES_ERROR;
				CLANG_WARN_QUOTED_INCLUDE_IN_FRAMEWORK_HEADER = YES;
				CLANG_WARN_RANGE_LOOP_ANALYSIS = YES;
				CLANG_WARN_STRICT_PROTOTYPES = YES;
				CLANG_WARN_SUSPICIOUS_MOVE = YES;
				CLANG_WARN_UNGUARDED_AVAILABILITY = YES_AGGRESSIVE;
				CLANG_WARN_UNREACHABLE_CODE = YES;
				CLANG_WARN__DUPLICATE_METHOD_MATCH = YES;
				COPY_PHASE_STRIP = NO;
				DEBUG_INFORMATION_FORMAT = dwarf;
				ENABLE_STRICT_OBJC_MSGSEND = YES;
				ENABLE_TESTABILITY = YES;
				GCC_C_LANGUAGE_STANDARD = gnu11;
				GCC_DYNAMIC_NO_PIC = NO;
				GCC_NO_COMMON_BLOCKS = YES;
				GCC_OPTIMIZATION_LEVEL = 0;
				GCC_PREPROCESSOR_DEFINITIONS = (
					"DEBUG=1",
					"$(inherited)",
				);
				GCC_WARN_64_TO_32_BIT_CONVERSION = YES;
				GCC_WARN_ABOUT_RETURN_TYPE = YES_ERROR;
				GCC_WARN_UNDECLARED_SELECTOR = YES;
				GCC_WARN_UNINITIALIZED_AUTOS = YES_AGGRESSIVE;
				GCC_WARN_UNUSED_FUNCTION = YES;
				GCC_WARN_UNUSED_VARIABLE = YES;
				IPHONEOS_DEPLOYMENT_TARGET = 15.5;
				MTL_ENABLE_DEBUG_INFO = INCLUDE_SOURCE;
				MTL_FAST_MATH = YES;
				ONLY_ACTIVE_ARCH = YES;
				SDKROOT = iphoneos;
				SWIFT_ACTIVE_COMPILATION_CONDITIONS = DEBUG;
				SWIFT_OPTIMIZATION_LEVEL = "-Onone";
			};
			name = Debug;
		};
		B368BCF928A85D66003A2A4D /* Release */ = {
			isa = XCBuildConfiguration;
			buildSettings = {
				ALWAYS_SEARCH_USER_PATHS = NO;
				CLANG_ANALYZER_NONNULL = YES;
				CLANG_ANALYZER_NUMBER_OBJECT_CONVERSION = YES_AGGRESSIVE;
				CLANG_CXX_LANGUAGE_STANDARD = "gnu++17";
				CLANG_ENABLE_MODULES = YES;
				CLANG_ENABLE_OBJC_ARC = YES;
				CLANG_ENABLE_OBJC_WEAK = YES;
				CLANG_WARN_BLOCK_CAPTURE_AUTORELEASING = YES;
				CLANG_WARN_BOOL_CONVERSION = YES;
				CLANG_WARN_COMMA = YES;
				CLANG_WARN_CONSTANT_CONVERSION = YES;
				CLANG_WARN_DEPRECATED_OBJC_IMPLEMENTATIONS = YES;
				CLANG_WARN_DIRECT_OBJC_ISA_USAGE = YES_ERROR;
				CLANG_WARN_DOCUMENTATION_COMMENTS = YES;
				CLANG_WARN_EMPTY_BODY = YES;
				CLANG_WARN_ENUM_CONVERSION = YES;
				CLANG_WARN_INFINITE_RECURSION = YES;
				CLANG_WARN_INT_CONVERSION = YES;
				CLANG_WARN_NON_LITERAL_NULL_CONVERSION = YES;
				CLANG_WARN_OBJC_IMPLICIT_RETAIN_SELF = YES;
				CLANG_WARN_OBJC_LITERAL_CONVERSION = YES;
				CLANG_WARN_OBJC_ROOT_CLASS = YES_ERROR;
				CLANG_WARN_QUOTED_INCLUDE_IN_FRAMEWORK_HEADER = YES;
				CLANG_WARN_RANGE_LOOP_ANALYSIS = YES;
				CLANG_WARN_STRICT_PROTOTYPES = YES;
				CLANG_WARN_SUSPICIOUS_MOVE = YES;
				CLANG_WARN_UNGUARDED_AVAILABILITY = YES_AGGRESSIVE;
				CLANG_WARN_UNREACHABLE_CODE = YES;
				CLANG_WARN__DUPLICATE_METHOD_MATCH = YES;
				COPY_PHASE_STRIP = NO;
				DEBUG_INFORMATION_FORMAT = "dwarf-with-dsym";
				ENABLE_NS_ASSERTIONS = NO;
				ENABLE_STRICT_OBJC_MSGSEND = YES;
				GCC_C_LANGUAGE_STANDARD = gnu11;
				GCC_NO_COMMON_BLOCKS = YES;
				GCC_WARN_64_TO_32_BIT_CONVERSION = YES;
				GCC_WARN_ABOUT_RETURN_TYPE = YES_ERROR;
				GCC_WARN_UNDECLARED_SELECTOR = YES;
				GCC_WARN_UNINITIALIZED_AUTOS = YES_AGGRESSIVE;
				GCC_WARN_UNUSED_FUNCTION = YES;
				GCC_WARN_UNUSED_VARIABLE = YES;
				IPHONEOS_DEPLOYMENT_TARGET = 15.5;
				MTL_ENABLE_DEBUG_INFO = NO;
				MTL_FAST_MATH = YES;
				SDKROOT = iphoneos;
				SWIFT_COMPILATION_MODE = wholemodule;
				SWIFT_OPTIMIZATION_LEVEL = "-O";
				VALIDATE_PRODUCT = YES;
			};
			name = Release;
		};
		B368BCFB28A85D66003A2A4D /* Debug */ = {
			isa = XCBuildConfiguration;
			buildSettings = {
				ASSETCATALOG_COMPILER_APPICON_NAME = AppIcon;
				ASSETCATALOG_COMPILER_GLOBAL_ACCENT_COLOR_NAME = AccentColor;
				CODE_SIGN_STYLE = Automatic;
				CURRENT_PROJECT_VERSION = 1;
				GENERATE_INFOPLIST_FILE = YES;
				INFOPLIST_FILE = "OnlineStore-iOS-App/Info.plist";
				INFOPLIST_KEY_UIApplicationSupportsIndirectInputEvents = YES;
				INFOPLIST_KEY_UILaunchStoryboardName = LaunchScreen;
				INFOPLIST_KEY_UISupportedInterfaceOrientations_iPad = "UIInterfaceOrientationPortrait UIInterfaceOrientationPortraitUpsideDown UIInterfaceOrientationLandscapeLeft UIInterfaceOrientationLandscapeRight";
				INFOPLIST_KEY_UISupportedInterfaceOrientations_iPhone = "UIInterfaceOrientationPortrait UIInterfaceOrientationLandscapeLeft UIInterfaceOrientationLandscapeRight";
				LD_RUNPATH_SEARCH_PATHS = (
					"$(inherited)",
					"@executable_path/Frameworks",
				);
				MARKETING_VERSION = 1.0;
				PRODUCT_BUNDLE_IDENTIFIER = "io.mobiledeveloper.OnlineStore-iOS-App";
				PRODUCT_NAME = "$(TARGET_NAME)";
				SWIFT_EMIT_LOC_STRINGS = YES;
				SWIFT_VERSION = 5.0;
				TARGETED_DEVICE_FAMILY = "1,2";
			};
			name = Debug;
		};
		B368BCFC28A85D66003A2A4D /* Release */ = {
			isa = XCBuildConfiguration;
			buildSettings = {
				ASSETCATALOG_COMPILER_APPICON_NAME = AppIcon;
				ASSETCATALOG_COMPILER_GLOBAL_ACCENT_COLOR_NAME = AccentColor;
				CODE_SIGN_STYLE = Automatic;
				CURRENT_PROJECT_VERSION = 1;
				GENERATE_INFOPLIST_FILE = YES;
				INFOPLIST_FILE = "OnlineStore-iOS-App/Info.plist";
				INFOPLIST_KEY_UIApplicationSupportsIndirectInputEvents = YES;
				INFOPLIST_KEY_UILaunchStoryboardName = LaunchScreen;
				INFOPLIST_KEY_UISupportedInterfaceOrientations_iPad = "UIInterfaceOrientationPortrait UIInterfaceOrientationPortraitUpsideDown UIInterfaceOrientationLandscapeLeft UIInterfaceOrientationLandscapeRight";
				INFOPLIST_KEY_UISupportedInterfaceOrientations_iPhone = "UIInterfaceOrientationPortrait UIInterfaceOrientationLandscapeLeft UIInterfaceOrientationLandscapeRight";
				LD_RUNPATH_SEARCH_PATHS = (
					"$(inherited)",
					"@executable_path/Frameworks",
				);
				MARKETING_VERSION = 1.0;
				PRODUCT_BUNDLE_IDENTIFIER = "io.mobiledeveloper.OnlineStore-iOS-App";
				PRODUCT_NAME = "$(TARGET_NAME)";
				SWIFT_EMIT_LOC_STRINGS = YES;
				SWIFT_VERSION = 5.0;
				TARGETED_DEVICE_FAMILY = "1,2";
			};
			name = Release;
		};
		B368BCFE28A85D66003A2A4D /* Debug */ = {
			isa = XCBuildConfiguration;
			buildSettings = {
				ALWAYS_EMBED_SWIFT_STANDARD_LIBRARIES = YES;
				BUNDLE_LOADER = "$(TEST_HOST)";
				CODE_SIGN_STYLE = Automatic;
				CURRENT_PROJECT_VERSION = 1;
				GENERATE_INFOPLIST_FILE = YES;
				IPHONEOS_DEPLOYMENT_TARGET = 15.5;
				MARKETING_VERSION = 1.0;
				PRODUCT_BUNDLE_IDENTIFIER = "io.mobiledeveloper.OnlineStore-iOS-AppTests";
				PRODUCT_NAME = "$(TARGET_NAME)";
				SWIFT_EMIT_LOC_STRINGS = NO;
				SWIFT_VERSION = 5.0;
				TARGETED_DEVICE_FAMILY = "1,2";
				TEST_HOST = "$(BUILT_PRODUCTS_DIR)/OnlineStore-iOS-App.app/OnlineStore-iOS-App";
			};
			name = Debug;
		};
		B368BCFF28A85D66003A2A4D /* Release */ = {
			isa = XCBuildConfiguration;
			buildSettings = {
				ALWAYS_EMBED_SWIFT_STANDARD_LIBRARIES = YES;
				BUNDLE_LOADER = "$(TEST_HOST)";
				CODE_SIGN_STYLE = Automatic;
				CURRENT_PROJECT_VERSION = 1;
				GENERATE_INFOPLIST_FILE = YES;
				IPHONEOS_DEPLOYMENT_TARGET = 15.5;
				MARKETING_VERSION = 1.0;
				PRODUCT_BUNDLE_IDENTIFIER = "io.mobiledeveloper.OnlineStore-iOS-AppTests";
				PRODUCT_NAME = "$(TARGET_NAME)";
				SWIFT_EMIT_LOC_STRINGS = NO;
				SWIFT_VERSION = 5.0;
				TARGETED_DEVICE_FAMILY = "1,2";
				TEST_HOST = "$(BUILT_PRODUCTS_DIR)/OnlineStore-iOS-App.app/OnlineStore-iOS-App";
			};
			name = Release;
		};
		B368BD0128A85D66003A2A4D /* Debug */ = {
			isa = XCBuildConfiguration;
			buildSettings = {
				ALWAYS_EMBED_SWIFT_STANDARD_LIBRARIES = YES;
				CODE_SIGN_STYLE = Automatic;
				CURRENT_PROJECT_VERSION = 1;
				GENERATE_INFOPLIST_FILE = YES;
				MARKETING_VERSION = 1.0;
				PRODUCT_BUNDLE_IDENTIFIER = "io.mobiledeveloper.OnlineStore-iOS-AppUITests";
				PRODUCT_NAME = "$(TARGET_NAME)";
				SWIFT_EMIT_LOC_STRINGS = NO;
				SWIFT_VERSION = 5.0;
				TARGETED_DEVICE_FAMILY = "1,2";
				TEST_TARGET_NAME = "OnlineStore-iOS-App";
			};
			name = Debug;
		};
		B368BD0228A85D66003A2A4D /* Release */ = {
			isa = XCBuildConfiguration;
			buildSettings = {
				ALWAYS_EMBED_SWIFT_STANDARD_LIBRARIES = YES;
				CODE_SIGN_STYLE = Automatic;
				CURRENT_PROJECT_VERSION = 1;
				GENERATE_INFOPLIST_FILE = YES;
				MARKETING_VERSION = 1.0;
				PRODUCT_BUNDLE_IDENTIFIER = "io.mobiledeveloper.OnlineStore-iOS-AppUITests";
				PRODUCT_NAME = "$(TARGET_NAME)";
				SWIFT_EMIT_LOC_STRINGS = NO;
				SWIFT_VERSION = 5.0;
				TARGETED_DEVICE_FAMILY = "1,2";
				TEST_TARGET_NAME = "OnlineStore-iOS-App";
			};
			name = Release;
		};
/* End XCBuildConfiguration section */

/* Begin XCConfigurationList section */
		B368BCC828A85D64003A2A4D /* Build configuration list for PBXProject "OnlineStore-iOS-App" */ = {
			isa = XCConfigurationList;
			buildConfigurations = (
				B368BCF828A85D66003A2A4D /* Debug */,
				B368BCF928A85D66003A2A4D /* Release */,
			);
			defaultConfigurationIsVisible = 0;
			defaultConfigurationName = Release;
		};
		B368BCFA28A85D66003A2A4D /* Build configuration list for PBXNativeTarget "OnlineStore-iOS-App" */ = {
			isa = XCConfigurationList;
			buildConfigurations = (
				B368BCFB28A85D66003A2A4D /* Debug */,
				B368BCFC28A85D66003A2A4D /* Release */,
			);
			defaultConfigurationIsVisible = 0;
			defaultConfigurationName = Release;
		};
		B368BCFD28A85D66003A2A4D /* Build configuration list for PBXNativeTarget "OnlineStore-iOS-AppTests" */ = {
			isa = XCConfigurationList;
			buildConfigurations = (
				B368BCFE28A85D66003A2A4D /* Debug */,
				B368BCFF28A85D66003A2A4D /* Release */,
			);
			defaultConfigurationIsVisible = 0;
			defaultConfigurationName = Release;
		};
		B368BD0028A85D66003A2A4D /* Build configuration list for PBXNativeTarget "OnlineStore-iOS-AppUITests" */ = {
			isa = XCConfigurationList;
			buildConfigurations = (
				B368BD0128A85D66003A2A4D /* Debug */,
				B368BD0228A85D66003A2A4D /* Release */,
			);
			defaultConfigurationIsVisible = 0;
			defaultConfigurationName = Release;
		};
/* End XCConfigurationList section */

/* Begin XCVersionGroup section */
		B368BCD928A85D64003A2A4D /* OnlineStore_iOS_App.xcdatamodeld */ = {
			isa = XCVersionGroup;
			children = (
				B368BCDA28A85D64003A2A4D /* OnlineStore_iOS_App.xcdatamodel */,
			);
			currentVersion = B368BCDA28A85D64003A2A4D /* OnlineStore_iOS_App.xcdatamodel */;
			path = OnlineStore_iOS_App.xcdatamodeld;
			sourceTree = "<group>";
			versionGroupType = wrapper.xcdatamodel;
		};
/* End XCVersionGroup section */
	};
	rootObject = B368BCC528A85D64003A2A4D /* Project object */;
}
